// !$*UTF8*$!
{
	archiveVersion = 1;
	classes = {
	};
	objectVersion = 77;
	objects = {

/* Begin PBXBuildFile section */
		73A03F9B2E722E8E00F7C04B /* DesafioCodexApp.swift in Sources */ = {isa = PBXBuildFile; fileRef = 73A03F9A2E722E8E00F7C04B /* DesafioCodexApp.swift */; };
		73A03FD32E7230F600F7C04B /* ImageData.swift in Sources */ = {isa = PBXBuildFile; fileRef = 73A03FC52E722F8C00F7C04B /* ImageData.swift */; };
		73A03FD42E7230FB00F7C04B /* NewsItem.swift in Sources */ = {isa = PBXBuildFile; fileRef = 73A03FC42E722F7F00F7C04B /* NewsItem.swift */; };
		73A03FD52E72310000F7C04B /* NewsResponse.swift in Sources */ = {isa = PBXBuildFile; fileRef = 73A03FC32E722F7300F7C04B /* NewsResponse.swift */; };
		73A03FD62E72310700F7C04B /* NewsAPI.swift in Sources */ = {isa = PBXBuildFile; fileRef = 73A03FC72E722FB100F7C04B /* NewsAPI.swift */; };
		73A03FD72E72310D00F7C04B /* FeedViewModel.swift in Sources */ = {isa = PBXBuildFile; fileRef = 73A03FC92E722FD200F7C04B /* FeedViewModel.swift */; };
/* End PBXBuildFile section */

/* Begin PBXContainerItemProxy section */
		73A03FA52E722E9000F7C04B /* PBXContainerItemProxy */ = {
			isa = PBXContainerItemProxy;
			containerPortal = 73A03F8F2E722E8E00F7C04B /* Project object */;
			proxyType = 1;
			remoteGlobalIDString = 73A03F962E722E8E00F7C04B;
			remoteInfo = DesafioCodex;
		};
		73A03FAF2E722E9000F7C04B /* PBXContainerItemProxy */ = {
			isa = PBXContainerItemProxy;
			containerPortal = 73A03F8F2E722E8E00F7C04B /* Project object */;
			proxyType = 1;
			remoteGlobalIDString = 73A03F962E722E8E00F7C04B;
			remoteInfo = DesafioCodex;
		};
/* End PBXContainerItemProxy section */

/* Begin PBXFileReference section */
		73A03F972E722E8E00F7C04B /* DesafioCodex.app */ = {isa = PBXFileReference; explicitFileType = wrapper.application; includeInIndex = 0; path = DesafioCodex.app; sourceTree = BUILT_PRODUCTS_DIR; };
		73A03F9A2E722E8E00F7C04B /* DesafioCodexApp.swift */ = {isa = PBXFileReference; lastKnownFileType = sourcecode.swift; path = DesafioCodexApp.swift; sourceTree = "<group>"; };
		73A03FA42E722E9000F7C04B /* DesafioCodexTests.xctest */ = {isa = PBXFileReference; explicitFileType = wrapper.cfbundle; includeInIndex = 0; path = DesafioCodexTests.xctest; sourceTree = BUILT_PRODUCTS_DIR; };
		73A03FAE2E722E9000F7C04B /* DesafioCodexUITests.xctest */ = {isa = PBXFileReference; explicitFileType = wrapper.cfbundle; includeInIndex = 0; path = DesafioCodexUITests.xctest; sourceTree = BUILT_PRODUCTS_DIR; };
		73A03FC32E722F7300F7C04B /* NewsResponse.swift */ = {isa = PBXFileReference; lastKnownFileType = sourcecode.swift; path = NewsResponse.swift; sourceTree = "<group>"; };
		73A03FC42E722F7F00F7C04B /* NewsItem.swift */ = {isa = PBXFileReference; lastKnownFileType = sourcecode.swift; path = NewsItem.swift; sourceTree = "<group>"; };
		73A03FC52E722F8C00F7C04B /* ImageData.swift */ = {isa = PBXFileReference; lastKnownFileType = sourcecode.swift; path = ImageData.swift; sourceTree = "<group>"; };
		73A03FC72E722FB100F7C04B /* NewsAPI.swift */ = {isa = PBXFileReference; lastKnownFileType = sourcecode.swift; path = NewsAPI.swift; sourceTree = "<group>"; };
		73A03FC92E722FD200F7C04B /* FeedViewModel.swift */ = {isa = PBXFileReference; lastKnownFileType = sourcecode.swift; path = FeedViewModel.swift; sourceTree = "<group>"; };
/* End PBXFileReference section */

/* Begin PBXFileSystemSynchronizedRootGroup section */
		73A03F992E722E8E00F7C04B /* Views */ = {
			isa = PBXFileSystemSynchronizedRootGroup;
			path = Views;
			sourceTree = "<group>";
		};
/* End PBXFileSystemSynchronizedRootGroup section */

/* Begin PBXFrameworksBuildPhase section */
		73A03F942E722E8E00F7C04B /* Frameworks */ = {
			isa = PBXFrameworksBuildPhase;
			buildActionMask = 2147483647;
			files = (
			);
			runOnlyForDeploymentPostprocessing = 0;
		};
		73A03FA12E722E9000F7C04B /* Frameworks */ = {
			isa = PBXFrameworksBuildPhase;
			buildActionMask = 2147483647;
			files = (
			);
			runOnlyForDeploymentPostprocessing = 0;
		};
		73A03FAB2E722E9000F7C04B /* Frameworks */ = {
			isa = PBXFrameworksBuildPhase;
			buildActionMask = 2147483647;
			files = (
			);
			runOnlyForDeploymentPostprocessing = 0;
		};
/* End PBXFrameworksBuildPhase section */

/* Begin PBXGroup section */
		73A03F8E2E722E8E00F7C04B = {
			isa = PBXGroup;
			children = (
				73A03FC12E722F5200F7C04B /* App */,
				73A03FC22E722F6300F7C04B /* Models */,
				73A03FC62E722F9F00F7C04B /* Services */,
				73A03FC82E722FC400F7C04B /* ViewModels */,
				73A03F992E722E8E00F7C04B /* Views */,
				73A03F982E722E8E00F7C04B /* Products */,
			);
			sourceTree = "<group>";
		};
		73A03F982E722E8E00F7C04B /* Products */ = {
			isa = PBXGroup;
			children = (
				73A03F972E722E8E00F7C04B /* DesafioCodex.app */,
				73A03FA42E722E9000F7C04B /* DesafioCodexTests.xctest */,
				73A03FAE2E722E9000F7C04B /* DesafioCodexUITests.xctest */,
			);
			name = Products;
			sourceTree = "<group>";
		};
		73A03FC12E722F5200F7C04B /* App */ = {
			isa = PBXGroup;
			children = (
				73A03F9A2E722E8E00F7C04B /* DesafioCodexApp.swift */,
			);
			path = App;
			sourceTree = "<group>";
		};
		73A03FC22E722F6300F7C04B /* Models */ = {
			isa = PBXGroup;
			children = (
				73A03FC52E722F8C00F7C04B /* ImageData.swift */,
				73A03FC42E722F7F00F7C04B /* NewsItem.swift */,
				73A03FC32E722F7300F7C04B /* NewsResponse.swift */,
			);
			path = Models;
			sourceTree = "<group>";
		};
		73A03FC62E722F9F00F7C04B /* Services */ = {
			isa = PBXGroup;
			children = (
				73A03FC72E722FB100F7C04B /* NewsAPI.swift */,
			);
			path = Services;
			sourceTree = "<group>";
		};
		73A03FC82E722FC400F7C04B /* ViewModels */ = {
			isa = PBXGroup;
			children = (
				73A03FC92E722FD200F7C04B /* FeedViewModel.swift */,
			);
			path = ViewModels;
			sourceTree = "<group>";
		};
/* End PBXGroup section */

/* Begin PBXNativeTarget section */
		73A03F962E722E8E00F7C04B /* DesafioCodex */ = {
			isa = PBXNativeTarget;
			buildConfigurationList = 73A03FB82E722E9000F7C04B /* Build configuration list for PBXNativeTarget "DesafioCodex" */;
			buildPhases = (
				73A03F932E722E8E00F7C04B /* Sources */,
				73A03F942E722E8E00F7C04B /* Frameworks */,
				73A03F952E722E8E00F7C04B /* Resources */,
			);
			buildRules = (
			);
			dependencies = (
			);
			fileSystemSynchronizedGroups = (
				73A03F992E722E8E00F7C04B /* Views */,
			);
			name = DesafioCodex;
			packageProductDependencies = (
			);
			productName = DesafioCodex;
			productReference = 73A03F972E722E8E00F7C04B /* DesafioCodex.app */;
			productType = "com.apple.product-type.application";
		};
		73A03FA32E722E9000F7C04B /* DesafioCodexTests */ = {
			isa = PBXNativeTarget;
			buildConfigurationList = 73A03FBB2E722E9000F7C04B /* Build configuration list for PBXNativeTarget "DesafioCodexTests" */;
			buildPhases = (
				73A03FA02E722E9000F7C04B /* Sources */,
				73A03FA12E722E9000F7C04B /* Frameworks */,
				73A03FA22E722E9000F7C04B /* Resources */,
			);
			buildRules = (
			);
			dependencies = (
				73A03FA62E722E9000F7C04B /* PBXTargetDependency */,
			);
			name = DesafioCodexTests;
			packageProductDependencies = (
			);
			productName = DesafioCodexTests;
			productReference = 73A03FA42E722E9000F7C04B /* DesafioCodexTests.xctest */;
			productType = "com.apple.product-type.bundle.unit-test";
		};
		73A03FAD2E722E9000F7C04B /* DesafioCodexUITests */ = {
			isa = PBXNativeTarget;
			buildConfigurationList = 73A03FBE2E722E9000F7C04B /* Build configuration list for PBXNativeTarget "DesafioCodexUITests" */;
			buildPhases = (
				73A03FAA2E722E9000F7C04B /* Sources */,
				73A03FAB2E722E9000F7C04B /* Frameworks */,
				73A03FAC2E722E9000F7C04B /* Resources */,
			);
			buildRules = (
			);
			dependencies = (
				73A03FB02E722E9000F7C04B /* PBXTargetDependency */,
			);
			name = DesafioCodexUITests;
			packageProductDependencies = (
			);
			productName = DesafioCodexUITests;
			productReference = 73A03FAE2E722E9000F7C04B /* DesafioCodexUITests.xctest */;
			productType = "com.apple.product-type.bundle.ui-testing";
		};
/* End PBXNativeTarget section */

/* Begin PBXProject section */
		73A03F8F2E722E8E00F7C04B /* Project object */ = {
			isa = PBXProject;
			attributes = {
				BuildIndependentTargetsInParallel = 1;
				LastSwiftUpdateCheck = 1640;
				LastUpgradeCheck = 1640;
				TargetAttributes = {
					73A03F962E722E8E00F7C04B = {
						CreatedOnToolsVersion = 16.4;
					};
					73A03FA32E722E9000F7C04B = {
						CreatedOnToolsVersion = 16.4;
						TestTargetID = 73A03F962E722E8E00F7C04B;
					};
					73A03FAD2E722E9000F7C04B = {
						CreatedOnToolsVersion = 16.4;
						TestTargetID = 73A03F962E722E8E00F7C04B;
					};
				};
			};
			buildConfigurationList = 73A03F922E722E8E00F7C04B /* Build configuration list for PBXProject "DesafioCodex" */;
			developmentRegion = en;
			hasScannedForEncodings = 0;
			knownRegions = (
				en,
				Base,
			);
			mainGroup = 73A03F8E2E722E8E00F7C04B;
			minimizedProjectReferenceProxies = 1;
			preferredProjectObjectVersion = 77;
			productRefGroup = 73A03F982E722E8E00F7C04B /* Products */;
			projectDirPath = "";
			projectRoot = "";
			targets = (
				73A03F962E722E8E00F7C04B /* DesafioCodex */,
				73A03FA32E722E9000F7C04B /* DesafioCodexTests */,
				73A03FAD2E722E9000F7C04B /* DesafioCodexUITests */,
			);
		};
/* End PBXProject section */

/* Begin PBXResourcesBuildPhase section */
		73A03F952E722E8E00F7C04B /* Resources */ = {
			isa = PBXResourcesBuildPhase;
			buildActionMask = 2147483647;
			files = (
			);
			runOnlyForDeploymentPostprocessing = 0;
		};
		73A03FA22E722E9000F7C04B /* Resources */ = {
			isa = PBXResourcesBuildPhase;
			buildActionMask = 2147483647;
			files = (
			);
			runOnlyForDeploymentPostprocessing = 0;
		};
		73A03FAC2E722E9000F7C04B /* Resources */ = {
			isa = PBXResourcesBuildPhase;
			buildActionMask = 2147483647;
			files = (
			);
			runOnlyForDeploymentPostprocessing = 0;
		};
/* End PBXResourcesBuildPhase section */

/* Begin PBXSourcesBuildPhase section */
		73A03F932E722E8E00F7C04B /* Sources */ = {
			isa = PBXSourcesBuildPhase;
			buildActionMask = 2147483647;
			files = (
				73A03FD72E72310D00F7C04B /* FeedViewModel.swift in Sources */,
				73A03FD52E72310000F7C04B /* NewsResponse.swift in Sources */,
				73A03FD62E72310700F7C04B /* NewsAPI.swift in Sources */,
				73A03FD42E7230FB00F7C04B /* NewsItem.swift in Sources */,
				73A03F9B2E722E8E00F7C04B /* DesafioCodexApp.swift in Sources */,
				73A03FD32E7230F600F7C04B /* ImageData.swift in Sources */,
			);
			runOnlyForDeploymentPostprocessing = 0;
		};
		73A03FA02E722E9000F7C04B /* Sources */ = {
			isa = PBXSourcesBuildPhase;
			buildActionMask = 2147483647;
			files = (
			);
			runOnlyForDeploymentPostprocessing = 0;
		};
		73A03FAA2E722E9000F7C04B /* Sources */ = {
			isa = PBXSourcesBuildPhase;
			buildActionMask = 2147483647;
			files = (
			);
			runOnlyForDeploymentPostprocessing = 0;
		};
/* End PBXSourcesBuildPhase section */

/* Begin PBXTargetDependency section */
		73A03FA62E722E9000F7C04B /* PBXTargetDependency */ = {
			isa = PBXTargetDependency;
			target = 73A03F962E722E8E00F7C04B /* DesafioCodex */;
			targetProxy = 73A03FA52E722E9000F7C04B /* PBXContainerItemProxy */;
		};
		73A03FB02E722E9000F7C04B /* PBXTargetDependency */ = {
			isa = PBXTargetDependency;
			target = 73A03F962E722E8E00F7C04B /* DesafioCodex */;
			targetProxy = 73A03FAF2E722E9000F7C04B /* PBXContainerItemProxy */;
		};
/* End PBXTargetDependency section */

/* Begin XCBuildConfiguration section */
		73A03FB62E722E9000F7C04B /* Debug */ = {
			isa = XCBuildConfiguration;
			buildSettings = {
				ALWAYS_SEARCH_USER_PATHS = NO;
				ASSETCATALOG_COMPILER_GENERATE_SWIFT_ASSET_SYMBOL_EXTENSIONS = YES;
				CLANG_ANALYZER_NONNULL = YES;
				CLANG_ANALYZER_NUMBER_OBJECT_CONVERSION = YES_AGGRESSIVE;
				CLANG_CXX_LANGUAGE_STANDARD = "gnu++20";
				CLANG_ENABLE_MODULES = YES;
				CLANG_ENABLE_OBJC_ARC = YES;
				CLANG_ENABLE_OBJC_WEAK = YES;
				CLANG_WARN_BLOCK_CAPTURE_AUTORELEASING = YES;
				CLANG_WARN_BOOL_CONVERSION = YES;
				CLANG_WARN_COMMA = YES;
				CLANG_WARN_CONSTANT_CONVERSION = YES;
				CLANG_WARN_DEPRECATED_OBJC_IMPLEMENTATIONS = YES;
				CLANG_WARN_DIRECT_OBJC_ISA_USAGE = YES_ERROR;
				CLANG_WARN_DOCUMENTATION_COMMENTS = YES;
				CLANG_WARN_EMPTY_BODY = YES;
				CLANG_WARN_ENUM_CONVERSION = YES;
				CLANG_WARN_INFINITE_RECURSION = YES;
				CLANG_WARN_INT_CONVERSION = YES;
				CLANG_WARN_NON_LITERAL_NULL_CONVERSION = YES;
				CLANG_WARN_OBJC_IMPLICIT_RETAIN_SELF = YES;
				CLANG_WARN_OBJC_LITERAL_CONVERSION = YES;
				CLANG_WARN_OBJC_ROOT_CLASS = YES_ERROR;
				CLANG_WARN_QUOTED_INCLUDE_IN_FRAMEWORK_HEADER = YES;
				CLANG_WARN_RANGE_LOOP_ANALYSIS = YES;
				CLANG_WARN_STRICT_PROTOTYPES = YES;
				CLANG_WARN_SUSPICIOUS_MOVE = YES;
				CLANG_WARN_UNGUARDED_AVAILABILITY = YES_AGGRESSIVE;
				CLANG_WARN_UNREACHABLE_CODE = YES;
				CLANG_WARN__DUPLICATE_METHOD_MATCH = YES;
				COPY_PHASE_STRIP = NO;
				DEBUG_INFORMATION_FORMAT = dwarf;
				ENABLE_STRICT_OBJC_MSGSEND = YES;
				ENABLE_TESTABILITY = YES;
				ENABLE_USER_SCRIPT_SANDBOXING = YES;
				GCC_C_LANGUAGE_STANDARD = gnu17;
				GCC_DYNAMIC_NO_PIC = NO;
				GCC_NO_COMMON_BLOCKS = YES;
				GCC_OPTIMIZATION_LEVEL = 0;
				GCC_PREPROCESSOR_DEFINITIONS = (
					"DEBUG=1",
					"$(inherited)",
				);
				GCC_WARN_64_TO_32_BIT_CONVERSION = YES;
				GCC_WARN_ABOUT_RETURN_TYPE = YES_ERROR;
				GCC_WARN_UNDECLARED_SELECTOR = YES;
				GCC_WARN_UNINITIALIZED_AUTOS = YES_AGGRESSIVE;
				GCC_WARN_UNUSED_FUNCTION = YES;
				GCC_WARN_UNUSED_VARIABLE = YES;
				IPHONEOS_DEPLOYMENT_TARGET = 18.5;
				LOCALIZATION_PREFERS_STRING_CATALOGS = YES;
				MTL_ENABLE_DEBUG_INFO = INCLUDE_SOURCE;
				MTL_FAST_MATH = YES;
				ONLY_ACTIVE_ARCH = YES;
				SDKROOT = iphoneos;
				SWIFT_ACTIVE_COMPILATION_CONDITIONS = "DEBUG $(inherited)";
				SWIFT_OPTIMIZATION_LEVEL = "-Onone";
			};
			name = Debug;
		};
		73A03FB72E722E9000F7C04B /* Release */ = {
			isa = XCBuildConfiguration;
			buildSettings = {
				ALWAYS_SEARCH_USER_PATHS = NO;
				ASSETCATALOG_COMPILER_GENERATE_SWIFT_ASSET_SYMBOL_EXTENSIONS = YES;
				CLANG_ANALYZER_NONNULL = YES;
				CLANG_ANALYZER_NUMBER_OBJECT_CONVERSION = YES_AGGRESSIVE;
				CLANG_CXX_LANGUAGE_STANDARD = "gnu++20";
				CLANG_ENABLE_MODULES = YES;
				CLANG_ENABLE_OBJC_ARC = YES;
				CLANG_ENABLE_OBJC_WEAK = YES;
				CLANG_WARN_BLOCK_CAPTURE_AUTORELEASING = YES;
				CLANG_WARN_BOOL_CONVERSION = YES;
				CLANG_WARN_COMMA = YES;
				CLANG_WARN_CONSTANT_CONVERSION = YES;
				CLANG_WARN_DEPRECATED_OBJC_IMPLEMENTATIONS = YES;
				CLANG_WARN_DIRECT_OBJC_ISA_USAGE = YES_ERROR;
				CLANG_WARN_DOCUMENTATION_COMMENTS = YES;
				CLANG_WARN_EMPTY_BODY = YES;
				CLANG_WARN_ENUM_CONVERSION = YES;
				CLANG_WARN_INFINITE_RECURSION = YES;
				CLANG_WARN_INT_CONVERSION = YES;
				CLANG_WARN_NON_LITERAL_NULL_CONVERSION = YES;
				CLANG_WARN_OBJC_IMPLICIT_RETAIN_SELF = YES;
				CLANG_WARN_OBJC_LITERAL_CONVERSION = YES;
				CLANG_WARN_OBJC_ROOT_CLASS = YES_ERROR;
				CLANG_WARN_QUOTED_INCLUDE_IN_FRAMEWORK_HEADER = YES;
				CLANG_WARN_RANGE_LOOP_ANALYSIS = YES;
				CLANG_WARN_STRICT_PROTOTYPES = YES;
				CLANG_WARN_SUSPICIOUS_MOVE = YES;
				CLANG_WARN_UNGUARDED_AVAILABILITY = YES_AGGRESSIVE;
				CLANG_WARN_UNREACHABLE_CODE = YES;
				CLANG_WARN__DUPLICATE_METHOD_MATCH = YES;
				COPY_PHASE_STRIP = NO;
				DEBUG_INFORMATION_FORMAT = "dwarf-with-dsym";
				ENABLE_NS_ASSERTIONS = NO;
				ENABLE_STRICT_OBJC_MSGSEND = YES;
				ENABLE_USER_SCRIPT_SANDBOXING = YES;
				GCC_C_LANGUAGE_STANDARD = gnu17;
				GCC_NO_COMMON_BLOCKS = YES;
				GCC_WARN_64_TO_32_BIT_CONVERSION = YES;
				GCC_WARN_ABOUT_RETURN_TYPE = YES_ERROR;
				GCC_WARN_UNDECLARED_SELECTOR = YES;
				GCC_WARN_UNINITIALIZED_AUTOS = YES_AGGRESSIVE;
				GCC_WARN_UNUSED_FUNCTION = YES;
				GCC_WARN_UNUSED_VARIABLE = YES;
				IPHONEOS_DEPLOYMENT_TARGET = 18.5;
				LOCALIZATION_PREFERS_STRING_CATALOGS = YES;
				MTL_ENABLE_DEBUG_INFO = NO;
				MTL_FAST_MATH = YES;
				SDKROOT = iphoneos;
				SWIFT_COMPILATION_MODE = wholemodule;
				VALIDATE_PRODUCT = YES;
			};
			name = Release;
		};
		73A03FB92E722E9000F7C04B /* Debug */ = {
			isa = XCBuildConfiguration;
			buildSettings = {
				ASSETCATALOG_COMPILER_APPICON_NAME = AppIcon;
				ASSETCATALOG_COMPILER_GLOBAL_ACCENT_COLOR_NAME = AccentColor;
				CODE_SIGN_STYLE = Automatic;
				CURRENT_PROJECT_VERSION = 1;
				ENABLE_PREVIEWS = YES;
				GENERATE_INFOPLIST_FILE = YES;
				INFOPLIST_KEY_UIApplicationSceneManifest_Generation = YES;
				INFOPLIST_KEY_UIApplicationSupportsIndirectInputEvents = YES;
				INFOPLIST_KEY_UILaunchScreen_Generation = YES;
				INFOPLIST_KEY_UISupportedInterfaceOrientations_iPad = "UIInterfaceOrientationPortrait UIInterfaceOrientationPortraitUpsideDown UIInterfaceOrientationLandscapeLeft UIInterfaceOrientationLandscapeRight";
				INFOPLIST_KEY_UISupportedInterfaceOrientations_iPhone = "UIInterfaceOrientationPortrait UIInterfaceOrientationLandscapeLeft UIInterfaceOrientationLandscapeRight";
				LD_RUNPATH_SEARCH_PATHS = (
					"$(inherited)",
					"@executable_path/Frameworks",
				);
				MARKETING_VERSION = 1.0;
				PRODUCT_BUNDLE_IDENTIFIER = com.marciomaia.DesafioCodex;
				PRODUCT_NAME = "$(TARGET_NAME)";
				SWIFT_EMIT_LOC_STRINGS = YES;
				SWIFT_VERSION = 5.0;
				TARGETED_DEVICE_FAMILY = "1,2";
			};
			name = Debug;
		};
		73A03FBA2E722E9000F7C04B /* Release */ = {
			isa = XCBuildConfiguration;
			buildSettings = {
				ASSETCATALOG_COMPILER_APPICON_NAME = AppIcon;
				ASSETCATALOG_COMPILER_GLOBAL_ACCENT_COLOR_NAME = AccentColor;
				CODE_SIGN_STYLE = Automatic;
				CURRENT_PROJECT_VERSION = 1;
				ENABLE_PREVIEWS = YES;
				GENERATE_INFOPLIST_FILE = YES;
				INFOPLIST_KEY_UIApplicationSceneManifest_Generation = YES;
				INFOPLIST_KEY_UIApplicationSupportsIndirectInputEvents = YES;
				INFOPLIST_KEY_UILaunchScreen_Generation = YES;
				INFOPLIST_KEY_UISupportedInterfaceOrientations_iPad = "UIInterfaceOrientationPortrait UIInterfaceOrientationPortraitUpsideDown UIInterfaceOrientationLandscapeLeft UIInterfaceOrientationLandscapeRight";
				INFOPLIST_KEY_UISupportedInterfaceOrientations_iPhone = "UIInterfaceOrientationPortrait UIInterfaceOrientationLandscapeLeft UIInterfaceOrientationLandscapeRight";
				LD_RUNPATH_SEARCH_PATHS = (
					"$(inherited)",
					"@executable_path/Frameworks",
				);
				MARKETING_VERSION = 1.0;
				PRODUCT_BUNDLE_IDENTIFIER = com.marciomaia.DesafioCodex;
				PRODUCT_NAME = "$(TARGET_NAME)";
				SWIFT_EMIT_LOC_STRINGS = YES;
				SWIFT_VERSION = 5.0;
				TARGETED_DEVICE_FAMILY = "1,2";
			};
			name = Release;
		};
		73A03FBC2E722E9000F7C04B /* Debug */ = {
			isa = XCBuildConfiguration;
			buildSettings = {
				BUNDLE_LOADER = "$(TEST_HOST)";
				CODE_SIGN_STYLE = Automatic;
				CURRENT_PROJECT_VERSION = 1;
				GENERATE_INFOPLIST_FILE = YES;
				IPHONEOS_DEPLOYMENT_TARGET = 18.5;
				MARKETING_VERSION = 1.0;
				PRODUCT_BUNDLE_IDENTIFIER = com.marciomaia.DesafioCodexTests;
				PRODUCT_NAME = "$(TARGET_NAME)";
				SWIFT_EMIT_LOC_STRINGS = NO;
				SWIFT_VERSION = 5.0;
				TARGETED_DEVICE_FAMILY = "1,2";
				TEST_HOST = "$(BUILT_PRODUCTS_DIR)/DesafioCodex.app/$(BUNDLE_EXECUTABLE_FOLDER_PATH)/DesafioCodex";
			};
			name = Debug;
		};
		73A03FBD2E722E9000F7C04B /* Release */ = {
			isa = XCBuildConfiguration;
			buildSettings = {
				BUNDLE_LOADER = "$(TEST_HOST)";
				CODE_SIGN_STYLE = Automatic;
				CURRENT_PROJECT_VERSION = 1;
				GENERATE_INFOPLIST_FILE = YES;
				IPHONEOS_DEPLOYMENT_TARGET = 18.5;
				MARKETING_VERSION = 1.0;
				PRODUCT_BUNDLE_IDENTIFIER = com.marciomaia.DesafioCodexTests;
				PRODUCT_NAME = "$(TARGET_NAME)";
				SWIFT_EMIT_LOC_STRINGS = NO;
				SWIFT_VERSION = 5.0;
				TARGETED_DEVICE_FAMILY = "1,2";
				TEST_HOST = "$(BUILT_PRODUCTS_DIR)/DesafioCodex.app/$(BUNDLE_EXECUTABLE_FOLDER_PATH)/DesafioCodex";
			};
			name = Release;
		};
		73A03FBF2E722E9000F7C04B /* Debug */ = {
			isa = XCBuildConfiguration;
			buildSettings = {
				CODE_SIGN_STYLE = Automatic;
				CURRENT_PROJECT_VERSION = 1;
				GENERATE_INFOPLIST_FILE = YES;
				MARKETING_VERSION = 1.0;
				PRODUCT_BUNDLE_IDENTIFIER = com.marciomaia.DesafioCodexUITests;
				PRODUCT_NAME = "$(TARGET_NAME)";
				SWIFT_EMIT_LOC_STRINGS = NO;
				SWIFT_VERSION = 5.0;
				TARGETED_DEVICE_FAMILY = "1,2";
				TEST_TARGET_NAME = DesafioCodex;
			};
			name = Debug;
		};
		73A03FC02E722E9000F7C04B /* Release */ = {
			isa = XCBuildConfiguration;
			buildSettings = {
				CODE_SIGN_STYLE = Automatic;
				CURRENT_PROJECT_VERSION = 1;
				GENERATE_INFOPLIST_FILE = YES;
				MARKETING_VERSION = 1.0;
				PRODUCT_BUNDLE_IDENTIFIER = com.marciomaia.DesafioCodexUITests;
				PRODUCT_NAME = "$(TARGET_NAME)";
				SWIFT_EMIT_LOC_STRINGS = NO;
				SWIFT_VERSION = 5.0;
				TARGETED_DEVICE_FAMILY = "1,2";
				TEST_TARGET_NAME = DesafioCodex;
			};
			name = Release;
		};
/* End XCBuildConfiguration section */

/* Begin XCConfigurationList section */
		73A03F922E722E8E00F7C04B /* Build configuration list for PBXProject "DesafioCodex" */ = {
			isa = XCConfigurationList;
			buildConfigurations = (
				73A03FB62E722E9000F7C04B /* Debug */,
				73A03FB72E722E9000F7C04B /* Release */,
			);
			defaultConfigurationIsVisible = 0;
			defaultConfigurationName = Release;
		};
		73A03FB82E722E9000F7C04B /* Build configuration list for PBXNativeTarget "DesafioCodex" */ = {
			isa = XCConfigurationList;
			buildConfigurations = (
				73A03FB92E722E9000F7C04B /* Debug */,
				73A03FBA2E722E9000F7C04B /* Release */,
			);
			defaultConfigurationIsVisible = 0;
			defaultConfigurationName = Release;
		};
		73A03FBB2E722E9000F7C04B /* Build configuration list for PBXNativeTarget "DesafioCodexTests" */ = {
			isa = XCConfigurationList;
			buildConfigurations = (
				73A03FBC2E722E9000F7C04B /* Debug */,
				73A03FBD2E722E9000F7C04B /* Release */,
			);
			defaultConfigurationIsVisible = 0;
			defaultConfigurationName = Release;
		};
		73A03FBE2E722E9000F7C04B /* Build configuration list for PBXNativeTarget "DesafioCodexUITests" */ = {
			isa = XCConfigurationList;
			buildConfigurations = (
				73A03FBF2E722E9000F7C04B /* Debug */,
				73A03FC02E722E9000F7C04B /* Release */,
			);
			defaultConfigurationIsVisible = 0;
			defaultConfigurationName = Release;
		};
/* End XCConfigurationList section */
	};
	rootObject = 73A03F8F2E722E8E00F7C04B /* Project object */;
}
